{
  "version": 4,
  "terraform_version": "1.5.7",
  "serial": 46,
  "lineage": "65e1ec7a-3d08-e63a-d698-4d13ec21e832",
  "outputs": {
    "client_certificate": {
      "value": "",
      "type": "string"
    },
    "client_key": {
      "value": "",
      "type": "string",
      "sensitive": true
    },
    "cluster_ca_certificate": {
      "value": "LS0tLS1CRUdJTiBDRVJUSUZJQ0FURS0tLS0tCk1JSUVMRENDQXBTZ0F3SUJBZ0lRTW5ibk9pRHRIRXNMR0xhZVJmdWNXVEFOQmdrcWhraUc5dzBCQVFzRkFEQXYKTVMwd0t3WURWUVFERXlSaU5UQTBZVEJoTWkxaU9URmhMVFF5WldFdE9EVmxZUzFqWldJd1ltTm1OakE0TXpZdwpJQmNOTWpRd05qQXlNREl5TVRJMldoZ1BNakExTkRBMU1qWXdNekl4TWpaYU1DOHhMVEFyQmdOVkJBTVRKR0kxCk1EUmhNR0V5TFdJNU1XRXROREpsWVMwNE5XVmhMV05sWWpCaVkyWTJNRGd6TmpDQ0FhSXdEUVlKS29aSWh2Y04KQVFFQkJRQURnZ0dQQURDQ0FZb0NnZ0dCQUlmV3BrdTlvdlBDS1lCWFcrd1BzNTMzUzc5dGFzZWJ1VGIzTnR6RApsaWgreDJqSURhN1dFV3ZUWDc2ZHh4UlZxQzVsNnVmMFdSb2x1WjlTczAzS3NNTEVRQWRCMXFEaDRtRHExNzl0CkNNYTFTRldKVWtYR2h4cks5bVR4bTcwb05uaStDOHdTemZMM2xiQXhSNVJpaEFycWFST3U0b21KY3VwVzRENysKb0pPaXMwblZiTFVYdmdONUdacnBpUHp4UlU0RWNkb09Ed0grdWh2cVhXTThkUlg3MnNDQmtnc0M2R0cxVEVObApZcVE2WUFtU3p2RndsOG1TclU0MlB4bFJKZElicG84WEVMMWcvbUovY1QzY1pOMnFMQ1NRRFBhRFNFelhKNU9qCnI0YmVpOXVqb3ZwUmRyUUVDVkZqSENHRS9ZK0lXT2lqQk9EcjZkRmNqTkc4ZXJpdnBkc2x2a01tc0FJMVVsN3AKcW5IZkN0bjJuZjdDY1hseHRha3F5RUwrVnFwZVNjUzZQUnQyOEtzbGRLT1NHMDZtVjlZTDFIU1o2aVZNZWhiOQpvUVQ2L0FFRndQcDlwQU8vRC83Ykx6MWwzcW40M0lrdnh6alZJZ3NWeWRHbHpJdWVqWkl4V1Bwa1ZETDc2UmRECnJpa1lKRGRlblB5RW5uTnJDa2ZBelZ4Q2ZRSURBUUFCbzBJd1FEQU9CZ05WSFE4QkFmOEVCQU1DQWdRd0R3WUQKVlIwVEFRSC9CQVV3QXdFQi96QWRCZ05WSFE0RUZnUVVzcTg4VWpzRjV3elQ0Z3BTbCtwSW9Yc0NBU0l3RFFZSgpLb1pJaHZjTkFRRUxCUUFEZ2dHQkFHZk1JOWFVTnh0VDEvNFJ2Y1BKVVpSM3dyK0EyYndvQXVHK0VQNjF6U0djCmlDYjh3MlEydTk1ZTB2endJMVNYdTExS0Q2VUhkRnEvQTNlQ0FKTWdPQlo2VkFXN2FoeUNtcFk1VW5DcXJodFQKQ1ZFWlZlZGVPZ1VvcndTNTFxRGlWNHlnb1pOKzVRMGs1cE1qUFB4RTBIR1BjRERtdU5BdDUwdXRIYkUzUE9INAowWUxxUnhjWTNzK3B0bXNXYk8rWGJpdVJ6NUxlaHY4WmI1am40Q3pJZzVCbDl4MGQ4bnAwM1hNV1JiSTlzZmFoCjVNK29BdXpCRC9tWEFSdFViam9tdExBd2I3bEI0WHBpVGdPOUdCaksvbDE3RjZrLzdsOFpRMHp3QThYTWwyaUsKQW5DZFJVUE8xWi9tb1hMOER3WHdkSHh0c2M3Q0dXQ2FmSjRMWWJ3RVpsdDdxdE84dnhGLzZDYXREbXY3aFRvMQp1ZnNaZHNCS01SeStlR3lRczZPZWs1SE1WZlhLZUpGc0liK0dGYnkxQ1RVeVJ0Y1grYTNISU0wRTA2VHVSVjhtCk9pVXM4cytBNXcyQm1xZXJlaCtNZVlneWhVaHQ5WEV4MFhMRmlLeW9RUGI0QXM4Um4xOWRueXcxV25KVXZraVMKSVU4bjhKVW5PWWt5LzczeHBkenl6Zz09Ci0tLS0tRU5EIENFUlRJRklDQVRFLS0tLS0K",
      "type": "string"
    },
    "db_credentials_secret_id": {
      "value": "projects/master-streamer-425115-n0/secrets/db-credentials",
      "type": "string"
    },
    "kubeconfig": {
      "value": "34.146.252.93",
      "type": "string"
    }
  },
  "resources": [
    {
      "mode": "managed",
      "type": "google_container_node_pool",
      "name": "primary_nodes",
      "provider": "provider[\"registry.terraform.io/hashicorp/google\"]",
      "instances": [
        {
          "schema_version": 1,
          "attributes": {
            "autoscaling": [],
            "cluster": "primary-cluster",
            "id": "projects/master-streamer-425115-n0/locations/asia-northeast1/clusters/primary-cluster/nodePools/terraform-20240602061055288000000001",
            "initial_node_count": 1,
            "instance_group_urls": [
              "https://www.googleapis.com/compute/v1/projects/master-streamer-425115-n0/zones/asia-northeast1-a/instanceGroupManagers/gke-primary-cluster-terraform-2024060-8152d16f-grp"
            ],
            "location": "asia-northeast1",
            "managed_instance_group_urls": [
              "https://www.googleapis.com/compute/v1/projects/master-streamer-425115-n0/zones/asia-northeast1-a/instanceGroups/gke-primary-cluster-terraform-2024060-8152d16f-grp"
            ],
            "management": [
              {
                "auto_repair": true,
                "auto_upgrade": true
              }
            ],
            "max_pods_per_node": 110,
            "name": "terraform-20240602061055288000000001",
            "name_prefix": "",
            "network_config": [
              {
                "create_pod_range": false,
                "enable_private_nodes": false,
                "network_performance_config": [],
                "pod_cidr_overprovision_config": [],
                "pod_ipv4_cidr_block": "10.4.0.0/14",
                "pod_range": "gke-primary-cluster-pods-24f3a9c2"
              }
            ],
            "node_config": [
              {
                "advanced_machine_features": [],
                "boot_disk_kms_key": "",
                "confidential_nodes": [],
                "containerd_config": [],
                "disk_size_gb": 20,
                "disk_type": "pd-balanced",
                "effective_taints": [],
                "enable_confidential_storage": false,
                "ephemeral_storage_local_ssd_config": [],
                "fast_socket": [],
                "gcfs_config": [],
                "guest_accelerator": [],
                "gvnic": [],
                "host_maintenance_policy": [],
                "image_type": "COS_CONTAINERD",
                "kubelet_config": [],
                "labels": {},
                "linux_node_config": [],
                "local_nvme_ssd_block_config": [],
                "local_ssd_count": 0,
                "logging_variant": "DEFAULT",
                "machine_type": "e2-medium",
                "metadata": {
                  "disable-legacy-endpoints": "true"
                },
                "min_cpu_platform": "",
                "node_group": "",
                "oauth_scopes": [
                  "https://www.googleapis.com/auth/cloud-platform"
                ],
                "preemptible": true,
                "reservation_affinity": [],
                "resource_labels": {},
                "resource_manager_tags": {},
                "secondary_boot_disks": [],
                "service_account": "default",
                "shielded_instance_config": [
                  {
                    "enable_integrity_monitoring": true,
                    "enable_secure_boot": false
                  }
                ],
                "sole_tenant_config": [],
                "spot": false,
                "tags": [],
                "taint": [],
                "workload_metadata_config": []
              }
            ],
            "node_count": 1,
            "node_locations": [
              "asia-northeast1-a"
            ],
            "operation": null,
            "placement_policy": [],
            "project": "master-streamer-425115-n0",
            "queued_provisioning": [],
            "timeouts": null,
            "upgrade_settings": [
              {
                "blue_green_settings": [],
                "max_surge": 1,
                "max_unavailable": 0,
                "strategy": "SURGE"
              }
            ],
            "version": "1.28.9-gke.1000000"
          },
          "sensitive_attributes": [],
          "private": "eyJlMmJmYjczMC1lY2FhLTExZTYtOGY4OC0zNDM2M2JjN2M0YzAiOnsiY3JlYXRlIjoxODAwMDAwMDAwMDAwLCJkZWxldGUiOjE4MDAwMDAwMDAwMDAsInVwZGF0ZSI6MTgwMDAwMDAwMDAwMH0sInNjaGVtYV92ZXJzaW9uIjoiMSJ9",
          "dependencies": [
            "google_container_cluster.primary"
          ]
        }
      ]
    },
    {
      "mode": "managed",
      "type": "google_secret_manager_secret",
      "name": "db_credentials",
      "provider": "provider[\"registry.terraform.io/hashicorp/google\"]",
      "instances": [
        {
          "schema_version": 0,
          "attributes": {
            "annotations": {},
            "create_time": "2024-06-02T06:06:26.898756Z",
            "effective_annotations": {},
            "effective_labels": {},
            "expire_time": "",
            "id": "projects/master-streamer-425115-n0/secrets/db-credentials",
            "labels": {},
            "name": "projects/499796230342/secrets/db-credentials",
            "project": "master-streamer-425115-n0",
            "replication": [
              {
                "auto": [
                  {
                    "customer_managed_encryption": []
                  }
                ],
                "user_managed": []
              }
            ],
            "rotation": [],
            "secret_id": "db-credentials",
            "terraform_labels": {},
            "timeouts": null,
            "topics": [],
            "ttl": null,
            "version_aliases": {},
            "version_destroy_ttl": ""
          },
          "sensitive_attributes": [],
          "private": "eyJlMmJmYjczMC1lY2FhLTExZTYtOGY4OC0zNDM2M2JjN2M0YzAiOnsiY3JlYXRlIjoxMjAwMDAwMDAwMDAwLCJkZWxldGUiOjEyMDAwMDAwMDAwMDAsInVwZGF0ZSI6MTIwMDAwMDAwMDAwMH19"
        }
      ]
    },
    {
      "mode": "managed",
      "type": "google_secret_manager_secret_version",
      "name": "db_credentials_version",
      "provider": "provider[\"registry.terraform.io/hashicorp/google\"]",
      "instances": [
        {
          "status": "tainted",
          "schema_version": 0,
          "attributes": {
            "create_time": "2024-06-02T06:26:57.105543Z",
            "deletion_policy": "DELETE",
            "destroy_time": "",
            "enabled": true,
            "id": "projects/499796230342/secrets/db-credentials/versions/1",
            "is_secret_data_base64": false,
            "name": "projects/499796230342/secrets/db-credentials/versions/1",
            "secret": "projects/master-streamer-425115-n0/secrets/db-credentials",
            "secret_data": "{\"database\":\"mydatabase\",\"host\":\"master-streamer-425115-n0:asia-northeast1:postgres-instance\",\"password\":\"mypassword\",\"port\":5432,\"username\":\"pguser\"}",
            "timeouts": null,
            "version": "1"
          },
          "sensitive_attributes": [
            [
              {
                "type": "get_attr",
                "value": "secret_data"
              }
            ]
          ],
          "private": "eyJlMmJmYjczMC1lY2FhLTExZTYtOGY4OC0zNDM2M2JjN2M0YzAiOnsiY3JlYXRlIjoxMjAwMDAwMDAwMDAwLCJkZWxldGUiOjEyMDAwMDAwMDAwMDAsInVwZGF0ZSI6MTIwMDAwMDAwMDAwMH19",
          "dependencies": [
            "google_secret_manager_secret.db_credentials",
            "google_sql_database.default",
            "google_sql_database_instance.postgres",
            "google_sql_user.default"
          ]
        }
      ]
    },
    {
      "mode": "managed",
      "type": "google_sql_database",
      "name": "default",
      "provider": "provider[\"registry.terraform.io/hashicorp/google\"]",
      "instances": [
        {
          "schema_version": 0,
          "attributes": {
            "charset": "UTF8",
            "collation": "en_US.UTF8",
            "deletion_policy": "DELETE",
            "id": "projects/master-streamer-425115-n0/instances/postgres-instance/databases/mydatabase",
            "instance": "postgres-instance",
            "name": "mydatabase",
            "project": "master-streamer-425115-n0",
            "self_link": "https://sqladmin.googleapis.com/sql/v1beta4/projects/master-streamer-425115-n0/instances/postgres-instance/databases/mydatabase",
            "timeouts": null
          },
          "sensitive_attributes": [],
          "private": "eyJlMmJmYjczMC1lY2FhLTExZTYtOGY4OC0zNDM2M2JjN2M0YzAiOnsiY3JlYXRlIjoxMjAwMDAwMDAwMDAwLCJkZWxldGUiOjEyMDAwMDAwMDAwMDAsInVwZGF0ZSI6MTIwMDAwMDAwMDAwMH19",
          "dependencies": [
            "google_sql_database_instance.postgres"
          ]
        }
      ]
    },
    {
      "mode": "managed",
      "type": "google_sql_database_instance",
      "name": "postgres",
      "provider": "provider[\"registry.terraform.io/hashicorp/google\"]",
      "instances": [
        {
          "schema_version": 0,
          "attributes": {
            "available_maintenance_versions": [],
            "clone": [],
            "connection_name": "master-streamer-425115-n0:asia-northeast1:postgres-instance",
            "database_version": "POSTGRES_15",
            "deletion_protection": true,
            "dns_name": "",
            "encryption_key_name": null,
            "first_ip_address": "35.189.147.174",
            "id": "postgres-instance",
            "instance_type": "CLOUD_SQL_INSTANCE",
            "ip_address": [
              {
                "ip_address": "35.189.147.174",
                "time_to_retire": "",
                "type": "PRIMARY"
              },
              {
                "ip_address": "104.198.82.63",
                "time_to_retire": "",
                "type": "OUTGOING"
              }
            ],
            "maintenance_version": "POSTGRES_15_5.R20240130.00_09",
            "master_instance_name": "",
            "name": "postgres-instance",
            "private_ip_address": "",
            "project": "master-streamer-425115-n0",
            "psc_service_attachment_link": "",
            "public_ip_address": "35.189.147.174",
            "region": "asia-northeast1",
            "replica_configuration": [],
            "restore_backup_context": [],
            "root_password": null,
            "self_link": "https://sqladmin.googleapis.com/sql/v1beta4/projects/master-streamer-425115-n0/instances/postgres-instance",
            "server_ca_cert": [
              {
                "cert": "-----BEGIN CERTIFICATE-----\nMIIDfzCCAmegAwIBAgIBADANBgkqhkiG9w0BAQsFADB3MS0wKwYDVQQuEyQ2Mzlk\nMjkxOC0xNTliLTQ0MzYtODExOS0xODE4ZjhiNzBkODQxIzAhBgNVBAMTGkdvb2ds\nZSBDbG91ZCBTUUwgU2VydmVyIENBMRQwEgYDVQQKEwtHb29nbGUsIEluYzELMAkG\nA1UEBhMCVVMwHhcNMjQwNjAyMDYxNjEyWhcNMzQwNTMxMDYxNzEyWjB3MS0wKwYD\nVQQuEyQ2MzlkMjkxOC0xNTliLTQ0MzYtODExOS0xODE4ZjhiNzBkODQxIzAhBgNV\nBAMTGkdvb2dsZSBDbG91ZCBTUUwgU2VydmVyIENBMRQwEgYDVQQKEwtHb29nbGUs\nIEluYzELMAkGA1UEBhMCVVMwggEiMA0GCSqGSIb3DQEBAQUAA4IBDwAwggEKAoIB\nAQCFtD6n9SgYdAjK0on8soMmLCEMb9MqC0iGMZc4MRzXwvbUohTaAXWNFMTji4dA\n/BZHqfWnTR4J8aOdfqol6UN9s2pj2zPvdWtCiVwCczf5RMuYbKqdOEEFPm4M7Gto\nBepYu+YHMI7qjrSy3sfvgEgeYK8z4cxCJsNA6CPs1j9jHvTJ/8bwfBy+LUJL5KDg\nRgI20oBQ/YeH1NdZCMNZSNiX7hsTrlArArhD48pUYF8wvGpaoQP9LiGtfToEGioI\n9ic3jOho5r+6oATfUxQBq9QMZGcp0Ri5PoGi7m6nuuW4QqMKkoMxPiNtG2K1GBdQ\nzBN3iM5koDjx8BwTbod7h2cnAgMBAAGjFjAUMBIGA1UdEwEB/wQIMAYBAf8CAQAw\nDQYJKoZIhvcNAQELBQADggEBAHw+3DeCHQ6zaeHrs0eeijMdctW5Jt7BLx0WcHbQ\nrMBE8Cv6YPuLs+/JeqO3wsMJ6yGQqizOuiapBhZg75c05gMEbjSTsWkRJElE7uul\nc09rUL9TrNOI3XsmXpoRy+aGGMhhDDP9d/5VwHuY3Zl+cqYvO1t5xxlrLzpsZMeY\nfNMzIkUuOFbVOSBhSaFu5tNKsqo6v1RB75/TDeOG1/5kjXozyFqWvclZCr23xNa4\n4HhLG07tVjyshvomuSmXhMy0ZT/TsSxObm9HnWQuWWXAYZDPjMUxE8fTxqXsBO8M\nh/47DWsn57GfBk4cV+3GngBe5n0E+9+ofdUe5QZW1K2U8VU=\n-----END CERTIFICATE-----",
                "common_name": "C=US,O=Google\\, Inc,CN=Google Cloud SQL Server CA,dnQualifier=639d2918-159b-4436-8119-1818f8b70d84",
                "create_time": "2024-06-02T06:16:12.626Z",
                "expiration_time": "2034-05-31T06:17:12.626Z",
                "sha1_fingerprint": "958fa1abff0c5a5f21be61f0de3bacb2f7e4f489"
              }
            ],
            "service_account_email_address": "p499796230342-0hs26c@gcp-sa-cloud-sql.iam.gserviceaccount.com",
            "settings": [
              {
                "activation_policy": "ALWAYS",
                "active_directory_config": [],
                "advanced_machine_features": [],
                "availability_type": "ZONAL",
                "backup_configuration": [
                  {
                    "backup_retention_settings": [
                      {
                        "retained_backups": 7,
                        "retention_unit": "COUNT"
                      }
                    ],
                    "binary_log_enabled": false,
                    "enabled": true,
                    "location": "",
                    "point_in_time_recovery_enabled": false,
                    "start_time": "12:00",
                    "transaction_log_retention_days": 7
                  }
                ],
                "collation": "",
                "connector_enforcement": "NOT_REQUIRED",
                "data_cache_config": [],
                "database_flags": [],
                "deletion_protection_enabled": false,
                "deny_maintenance_period": [],
                "disk_autoresize": true,
                "disk_autoresize_limit": 0,
                "disk_size": 10,
                "disk_type": "PD_SSD",
                "edition": "ENTERPRISE",
                "enable_google_ml_integration": false,
                "insights_config": [],
                "ip_configuration": [
                  {
                    "allocated_ip_range": "",
                    "authorized_networks": [],
                    "enable_private_path_for_google_cloud_services": false,
                    "ipv4_enabled": true,
                    "private_network": "",
                    "psc_config": [],
                    "require_ssl": false,
                    "ssl_mode": ""
                  }
                ],
                "location_preference": [
                  {
                    "follow_gae_application": "",
                    "secondary_zone": "",
                    "zone": "asia-northeast1-b"
                  }
                ],
                "maintenance_window": [],
                "password_validation_policy": [],
                "pricing_plan": "PER_USE",
                "sql_server_audit_config": [],
                "tier": "db-f1-micro",
                "time_zone": "",
                "user_labels": {},
                "version": 1
              }
            ],
            "timeouts": null
          },
          "sensitive_attributes": [],
          "private": "eyJlMmJmYjczMC1lY2FhLTExZTYtOGY4OC0zNDM2M2JjN2M0YzAiOnsiY3JlYXRlIjoyNDAwMDAwMDAwMDAwLCJkZWxldGUiOjE4MDAwMDAwMDAwMDAsInVwZGF0ZSI6MTgwMDAwMDAwMDAwMH19"
        }
      ]
    },
    {
      "mode": "managed",
      "type": "google_sql_user",
      "name": "default",
      "provider": "provider[\"registry.terraform.io/hashicorp/google\"]",
      "instances": [
        {
          "schema_version": 1,
          "attributes": {
            "deletion_policy": null,
            "host": "",
            "id": "pguser//postgres-instance",
            "instance": "postgres-instance",
            "name": "pguser",
            "password": "mypassword",
            "password_policy": [],
            "project": "master-streamer-425115-n0",
            "sql_server_user_details": [],
            "timeouts": null,
            "type": ""
          },
          "sensitive_attributes": [],
          "private": "eyJlMmJmYjczMC1lY2FhLTExZTYtOGY4OC0zNDM2M2JjN2M0YzAiOnsiY3JlYXRlIjo2MDAwMDAwMDAwMDAsImRlbGV0ZSI6NjAwMDAwMDAwMDAwLCJ1cGRhdGUiOjYwMDAwMDAwMDAwMH0sInNjaGVtYV92ZXJzaW9uIjoiMSJ9",
          "dependencies": [
            "google_sql_database_instance.postgres"
          ]
        }
      ]
    }
  ],
  "check_results": null
}
