{
  "version": 4,
  "terraform_version": "1.5.7",
  "serial": 39,
  "lineage": "65e1ec7a-3d08-e63a-d698-4d13ec21e832",
  "outputs": {
    "client_certificate": {
      "value": "",
      "type": "string"
    },
    "client_key": {
      "value": "",
      "type": "string",
      "sensitive": true
    },
    "cluster_ca_certificate": {
      "value": "LS0tLS1CRUdJTiBDRVJUSUZJQ0FURS0tLS0tCk1JSUVMRENDQXBTZ0F3SUJBZ0lRTW5ibk9pRHRIRXNMR0xhZVJmdWNXVEFOQmdrcWhraUc5dzBCQVFzRkFEQXYKTVMwd0t3WURWUVFERXlSaU5UQTBZVEJoTWkxaU9URmhMVFF5WldFdE9EVmxZUzFqWldJd1ltTm1OakE0TXpZdwpJQmNOTWpRd05qQXlNREl5TVRJMldoZ1BNakExTkRBMU1qWXdNekl4TWpaYU1DOHhMVEFyQmdOVkJBTVRKR0kxCk1EUmhNR0V5TFdJNU1XRXROREpsWVMwNE5XVmhMV05sWWpCaVkyWTJNRGd6TmpDQ0FhSXdEUVlKS29aSWh2Y04KQVFFQkJRQURnZ0dQQURDQ0FZb0NnZ0dCQUlmV3BrdTlvdlBDS1lCWFcrd1BzNTMzUzc5dGFzZWJ1VGIzTnR6RApsaWgreDJqSURhN1dFV3ZUWDc2ZHh4UlZxQzVsNnVmMFdSb2x1WjlTczAzS3NNTEVRQWRCMXFEaDRtRHExNzl0CkNNYTFTRldKVWtYR2h4cks5bVR4bTcwb05uaStDOHdTemZMM2xiQXhSNVJpaEFycWFST3U0b21KY3VwVzRENysKb0pPaXMwblZiTFVYdmdONUdacnBpUHp4UlU0RWNkb09Ed0grdWh2cVhXTThkUlg3MnNDQmtnc0M2R0cxVEVObApZcVE2WUFtU3p2RndsOG1TclU0MlB4bFJKZElicG84WEVMMWcvbUovY1QzY1pOMnFMQ1NRRFBhRFNFelhKNU9qCnI0YmVpOXVqb3ZwUmRyUUVDVkZqSENHRS9ZK0lXT2lqQk9EcjZkRmNqTkc4ZXJpdnBkc2x2a01tc0FJMVVsN3AKcW5IZkN0bjJuZjdDY1hseHRha3F5RUwrVnFwZVNjUzZQUnQyOEtzbGRLT1NHMDZtVjlZTDFIU1o2aVZNZWhiOQpvUVQ2L0FFRndQcDlwQU8vRC83Ykx6MWwzcW40M0lrdnh6alZJZ3NWeWRHbHpJdWVqWkl4V1Bwa1ZETDc2UmRECnJpa1lKRGRlblB5RW5uTnJDa2ZBelZ4Q2ZRSURBUUFCbzBJd1FEQU9CZ05WSFE4QkFmOEVCQU1DQWdRd0R3WUQKVlIwVEFRSC9CQVV3QXdFQi96QWRCZ05WSFE0RUZnUVVzcTg4VWpzRjV3elQ0Z3BTbCtwSW9Yc0NBU0l3RFFZSgpLb1pJaHZjTkFRRUxCUUFEZ2dHQkFHZk1JOWFVTnh0VDEvNFJ2Y1BKVVpSM3dyK0EyYndvQXVHK0VQNjF6U0djCmlDYjh3MlEydTk1ZTB2endJMVNYdTExS0Q2VUhkRnEvQTNlQ0FKTWdPQlo2VkFXN2FoeUNtcFk1VW5DcXJodFQKQ1ZFWlZlZGVPZ1VvcndTNTFxRGlWNHlnb1pOKzVRMGs1cE1qUFB4RTBIR1BjRERtdU5BdDUwdXRIYkUzUE9INAowWUxxUnhjWTNzK3B0bXNXYk8rWGJpdVJ6NUxlaHY4WmI1am40Q3pJZzVCbDl4MGQ4bnAwM1hNV1JiSTlzZmFoCjVNK29BdXpCRC9tWEFSdFViam9tdExBd2I3bEI0WHBpVGdPOUdCaksvbDE3RjZrLzdsOFpRMHp3QThYTWwyaUsKQW5DZFJVUE8xWi9tb1hMOER3WHdkSHh0c2M3Q0dXQ2FmSjRMWWJ3RVpsdDdxdE84dnhGLzZDYXREbXY3aFRvMQp1ZnNaZHNCS01SeStlR3lRczZPZWs1SE1WZlhLZUpGc0liK0dGYnkxQ1RVeVJ0Y1grYTNISU0wRTA2VHVSVjhtCk9pVXM4cytBNXcyQm1xZXJlaCtNZVlneWhVaHQ5WEV4MFhMRmlLeW9RUGI0QXM4Um4xOWRueXcxV25KVXZraVMKSVU4bjhKVW5PWWt5LzczeHBkenl6Zz09Ci0tLS0tRU5EIENFUlRJRklDQVRFLS0tLS0K",
      "type": "string"
    },
    "db_credentials_secret_id": {
      "value": "projects/master-streamer-425115-n0/secrets/db-credentials",
      "type": "string"
    },
    "kubeconfig": {
      "value": "34.146.252.93",
      "type": "string"
    }
  },
  "resources": [
    {
      "mode": "managed",
      "type": "google_container_cluster",
      "name": "primary",
      "provider": "provider[\"registry.terraform.io/hashicorp/google\"]",
      "instances": [
        {
          "schema_version": 2,
          "attributes": {
            "addons_config": [
              {
                "cloudrun_config": [],
                "config_connector_config": [],
                "dns_cache_config": [],
                "gce_persistent_disk_csi_driver_config": [
                  {
                    "enabled": true
                  }
                ],
                "gcp_filestore_csi_driver_config": [],
                "gcs_fuse_csi_driver_config": [],
                "gke_backup_agent_config": [],
                "horizontal_pod_autoscaling": [],
                "http_load_balancing": [],
                "network_policy_config": [
                  {
                    "disabled": true
                  }
                ],
                "stateful_ha_config": []
              }
            ],
            "allow_net_admin": null,
            "authenticator_groups_config": [],
            "binary_authorization": [
              {
                "enabled": false,
                "evaluation_mode": ""
              }
            ],
            "cluster_autoscaling": [
              {
                "auto_provisioning_defaults": [],
                "autoscaling_profile": "BALANCED",
                "enabled": false,
                "resource_limits": []
              }
            ],
            "cluster_ipv4_cidr": "10.4.0.0/14",
            "confidential_nodes": [],
            "cost_management_config": [],
            "database_encryption": [
              {
                "key_name": "",
                "state": "DECRYPTED"
              }
            ],
            "datapath_provider": "",
            "default_max_pods_per_node": 110,
            "default_snat_status": [
              {
                "disabled": false
              }
            ],
            "deletion_protection": false,
            "description": "",
            "dns_config": [],
            "enable_autopilot": false,
            "enable_cilium_clusterwide_network_policy": false,
            "enable_intranode_visibility": false,
            "enable_k8s_beta_apis": [],
            "enable_kubernetes_alpha": false,
            "enable_l4_ilb_subsetting": false,
            "enable_legacy_abac": false,
            "enable_shielded_nodes": true,
            "enable_tpu": false,
            "endpoint": "34.146.252.93",
            "fleet": [],
            "gateway_api_config": [],
            "id": "projects/master-streamer-425115-n0/locations/asia-northeast1/clusters/primary-cluster",
            "identity_service_config": [],
            "initial_node_count": 0,
            "ip_allocation_policy": [
              {
                "additional_pod_ranges_config": [],
                "cluster_ipv4_cidr_block": "10.4.0.0/14",
                "cluster_secondary_range_name": "gke-primary-cluster-pods-24f3a9c2",
                "pod_cidr_overprovision_config": [
                  {
                    "disabled": false
                  }
                ],
                "services_ipv4_cidr_block": "10.23.128.0/20",
                "services_secondary_range_name": "gke-primary-cluster-services-24f3a9c2",
                "stack_type": "IPV4"
              }
            ],
            "label_fingerprint": "a9dc16a7",
            "location": "asia-northeast1",
            "logging_config": [
              {
                "enable_components": [
                  "SYSTEM_COMPONENTS",
                  "WORKLOADS"
                ]
              }
            ],
            "logging_service": "logging.googleapis.com/kubernetes",
            "maintenance_policy": [],
            "master_auth": [
              {
                "client_certificate": "",
                "client_certificate_config": [
                  {
                    "issue_client_certificate": false
                  }
                ],
                "client_key": "",
                "cluster_ca_certificate": "LS0tLS1CRUdJTiBDRVJUSUZJQ0FURS0tLS0tCk1JSUVMRENDQXBTZ0F3SUJBZ0lRTW5ibk9pRHRIRXNMR0xhZVJmdWNXVEFOQmdrcWhraUc5dzBCQVFzRkFEQXYKTVMwd0t3WURWUVFERXlSaU5UQTBZVEJoTWkxaU9URmhMVFF5WldFdE9EVmxZUzFqWldJd1ltTm1OakE0TXpZdwpJQmNOTWpRd05qQXlNREl5TVRJMldoZ1BNakExTkRBMU1qWXdNekl4TWpaYU1DOHhMVEFyQmdOVkJBTVRKR0kxCk1EUmhNR0V5TFdJNU1XRXROREpsWVMwNE5XVmhMV05sWWpCaVkyWTJNRGd6TmpDQ0FhSXdEUVlKS29aSWh2Y04KQVFFQkJRQURnZ0dQQURDQ0FZb0NnZ0dCQUlmV3BrdTlvdlBDS1lCWFcrd1BzNTMzUzc5dGFzZWJ1VGIzTnR6RApsaWgreDJqSURhN1dFV3ZUWDc2ZHh4UlZxQzVsNnVmMFdSb2x1WjlTczAzS3NNTEVRQWRCMXFEaDRtRHExNzl0CkNNYTFTRldKVWtYR2h4cks5bVR4bTcwb05uaStDOHdTemZMM2xiQXhSNVJpaEFycWFST3U0b21KY3VwVzRENysKb0pPaXMwblZiTFVYdmdONUdacnBpUHp4UlU0RWNkb09Ed0grdWh2cVhXTThkUlg3MnNDQmtnc0M2R0cxVEVObApZcVE2WUFtU3p2RndsOG1TclU0MlB4bFJKZElicG84WEVMMWcvbUovY1QzY1pOMnFMQ1NRRFBhRFNFelhKNU9qCnI0YmVpOXVqb3ZwUmRyUUVDVkZqSENHRS9ZK0lXT2lqQk9EcjZkRmNqTkc4ZXJpdnBkc2x2a01tc0FJMVVsN3AKcW5IZkN0bjJuZjdDY1hseHRha3F5RUwrVnFwZVNjUzZQUnQyOEtzbGRLT1NHMDZtVjlZTDFIU1o2aVZNZWhiOQpvUVQ2L0FFRndQcDlwQU8vRC83Ykx6MWwzcW40M0lrdnh6alZJZ3NWeWRHbHpJdWVqWkl4V1Bwa1ZETDc2UmRECnJpa1lKRGRlblB5RW5uTnJDa2ZBelZ4Q2ZRSURBUUFCbzBJd1FEQU9CZ05WSFE4QkFmOEVCQU1DQWdRd0R3WUQKVlIwVEFRSC9CQVV3QXdFQi96QWRCZ05WSFE0RUZnUVVzcTg4VWpzRjV3elQ0Z3BTbCtwSW9Yc0NBU0l3RFFZSgpLb1pJaHZjTkFRRUxCUUFEZ2dHQkFHZk1JOWFVTnh0VDEvNFJ2Y1BKVVpSM3dyK0EyYndvQXVHK0VQNjF6U0djCmlDYjh3MlEydTk1ZTB2endJMVNYdTExS0Q2VUhkRnEvQTNlQ0FKTWdPQlo2VkFXN2FoeUNtcFk1VW5DcXJodFQKQ1ZFWlZlZGVPZ1VvcndTNTFxRGlWNHlnb1pOKzVRMGs1cE1qUFB4RTBIR1BjRERtdU5BdDUwdXRIYkUzUE9INAowWUxxUnhjWTNzK3B0bXNXYk8rWGJpdVJ6NUxlaHY4WmI1am40Q3pJZzVCbDl4MGQ4bnAwM1hNV1JiSTlzZmFoCjVNK29BdXpCRC9tWEFSdFViam9tdExBd2I3bEI0WHBpVGdPOUdCaksvbDE3RjZrLzdsOFpRMHp3QThYTWwyaUsKQW5DZFJVUE8xWi9tb1hMOER3WHdkSHh0c2M3Q0dXQ2FmSjRMWWJ3RVpsdDdxdE84dnhGLzZDYXREbXY3aFRvMQp1ZnNaZHNCS01SeStlR3lRczZPZWs1SE1WZlhLZUpGc0liK0dGYnkxQ1RVeVJ0Y1grYTNISU0wRTA2VHVSVjhtCk9pVXM4cytBNXcyQm1xZXJlaCtNZVlneWhVaHQ5WEV4MFhMRmlLeW9RUGI0QXM4Um4xOWRueXcxV25KVXZraVMKSVU4bjhKVW5PWWt5LzczeHBkenl6Zz09Ci0tLS0tRU5EIENFUlRJRklDQVRFLS0tLS0K"
              }
            ],
            "master_authorized_networks_config": [],
            "master_version": "1.28.9-gke.1000000",
            "mesh_certificates": [],
            "min_master_version": null,
            "monitoring_config": [
              {
                "advanced_datapath_observability_config": [
                  {
                    "enable_metrics": false,
                    "enable_relay": false,
                    "relay_mode": "DISABLED"
                  }
                ],
                "enable_components": [
                  "SYSTEM_COMPONENTS"
                ],
                "managed_prometheus": [
                  {
                    "enabled": true
                  }
                ]
              }
            ],
            "monitoring_service": "monitoring.googleapis.com/kubernetes",
            "name": "primary-cluster",
            "network": "projects/master-streamer-425115-n0/global/networks/default",
            "network_policy": [
              {
                "enabled": false,
                "provider": "PROVIDER_UNSPECIFIED"
              }
            ],
            "networking_mode": "VPC_NATIVE",
            "node_config": [
              {
                "advanced_machine_features": [],
                "boot_disk_kms_key": "",
                "confidential_nodes": [],
                "containerd_config": [],
                "disk_size_gb": 20,
                "disk_type": "pd-balanced",
                "effective_taints": [],
                "enable_confidential_storage": false,
                "ephemeral_storage_local_ssd_config": [],
                "fast_socket": [],
                "gcfs_config": [],
                "guest_accelerator": [],
                "gvnic": [],
                "host_maintenance_policy": [],
                "image_type": "COS_CONTAINERD",
                "kubelet_config": [],
                "labels": {},
                "linux_node_config": [],
                "local_nvme_ssd_block_config": [],
                "local_ssd_count": 0,
                "logging_variant": "DEFAULT",
                "machine_type": "e2-medium",
                "metadata": {
                  "disable-legacy-endpoints": "true"
                },
                "min_cpu_platform": "",
                "node_group": "",
                "oauth_scopes": [
                  "https://www.googleapis.com/auth/cloud-platform"
                ],
                "preemptible": false,
                "reservation_affinity": [],
                "resource_labels": {},
                "resource_manager_tags": {},
                "secondary_boot_disks": [],
                "service_account": "default",
                "shielded_instance_config": [
                  {
                    "enable_integrity_monitoring": true,
                    "enable_secure_boot": false
                  }
                ],
                "sole_tenant_config": [],
                "spot": false,
                "tags": [],
                "taint": [],
                "workload_metadata_config": []
              }
            ],
            "node_locations": [
              "asia-northeast1-a"
            ],
            "node_pool": [
              {
                "autoscaling": [],
                "initial_node_count": 1,
                "instance_group_urls": [
                  "https://www.googleapis.com/compute/v1/projects/master-streamer-425115-n0/zones/asia-northeast1-a/instanceGroupManagers/gke-primary-cluster-default-pool-c09677a2-grp"
                ],
                "managed_instance_group_urls": [
                  "https://www.googleapis.com/compute/v1/projects/master-streamer-425115-n0/zones/asia-northeast1-a/instanceGroups/gke-primary-cluster-default-pool-c09677a2-grp"
                ],
                "management": [
                  {
                    "auto_repair": true,
                    "auto_upgrade": true
                  }
                ],
                "max_pods_per_node": 110,
                "name": "default-pool",
                "name_prefix": "",
                "network_config": [
                  {
                    "create_pod_range": false,
                    "enable_private_nodes": false,
                    "network_performance_config": [],
                    "pod_cidr_overprovision_config": [],
                    "pod_ipv4_cidr_block": "10.4.0.0/14",
                    "pod_range": "gke-primary-cluster-pods-24f3a9c2"
                  }
                ],
                "node_config": [
                  {
                    "advanced_machine_features": [],
                    "boot_disk_kms_key": "",
                    "confidential_nodes": [],
                    "containerd_config": [],
                    "disk_size_gb": 20,
                    "disk_type": "pd-balanced",
                    "effective_taints": [],
                    "enable_confidential_storage": false,
                    "ephemeral_storage_local_ssd_config": [],
                    "fast_socket": [],
                    "gcfs_config": [],
                    "guest_accelerator": [],
                    "gvnic": [],
                    "host_maintenance_policy": [],
                    "image_type": "COS_CONTAINERD",
                    "kubelet_config": [],
                    "labels": {},
                    "linux_node_config": [],
                    "local_nvme_ssd_block_config": [],
                    "local_ssd_count": 0,
                    "logging_variant": "DEFAULT",
                    "machine_type": "e2-medium",
                    "metadata": {
                      "disable-legacy-endpoints": "true"
                    },
                    "min_cpu_platform": "",
                    "node_group": "",
                    "oauth_scopes": [
                      "https://www.googleapis.com/auth/cloud-platform"
                    ],
                    "preemptible": false,
                    "reservation_affinity": [],
                    "resource_labels": {},
                    "resource_manager_tags": {},
                    "secondary_boot_disks": [],
                    "service_account": "default",
                    "shielded_instance_config": [
                      {
                        "enable_integrity_monitoring": true,
                        "enable_secure_boot": false
                      }
                    ],
                    "sole_tenant_config": [],
                    "spot": false,
                    "tags": [],
                    "taint": [],
                    "workload_metadata_config": []
                  }
                ],
                "node_count": 1,
                "node_locations": [
                  "asia-northeast1-a"
                ],
                "placement_policy": [],
                "queued_provisioning": [],
                "upgrade_settings": [
                  {
                    "blue_green_settings": [],
                    "max_surge": 1,
                    "max_unavailable": 0,
                    "strategy": "SURGE"
                  }
                ],
                "version": "1.28.9-gke.1000000"
              }
            ],
            "node_pool_auto_config": [],
            "node_pool_defaults": [
              {
                "node_config_defaults": [
                  {
                    "containerd_config": [],
                    "logging_variant": "DEFAULT"
                  }
                ]
              }
            ],
            "node_version": "1.28.9-gke.1000000",
            "notification_config": [
              {
                "pubsub": [
                  {
                    "enabled": false,
                    "filter": [],
                    "topic": ""
                  }
                ]
              }
            ],
            "operation": null,
            "private_cluster_config": [
              {
                "enable_private_endpoint": false,
                "enable_private_nodes": false,
                "master_global_access_config": [
                  {
                    "enabled": false
                  }
                ],
                "master_ipv4_cidr_block": "",
                "peering_name": "",
                "private_endpoint": "10.146.0.20",
                "private_endpoint_subnetwork": "",
                "public_endpoint": "34.146.252.93"
              }
            ],
            "private_ipv6_google_access": "",
            "project": "master-streamer-425115-n0",
            "release_channel": [
              {
                "channel": "REGULAR"
              }
            ],
            "remove_default_node_pool": null,
            "resource_labels": {},
            "resource_usage_export_config": [],
            "security_posture_config": [
              {
                "mode": "BASIC",
                "vulnerability_mode": "VULNERABILITY_MODE_UNSPECIFIED"
              }
            ],
            "self_link": "https://container.googleapis.com/v1/projects/master-streamer-425115-n0/locations/asia-northeast1/clusters/primary-cluster",
            "service_external_ips_config": [
              {
                "enabled": false
              }
            ],
            "services_ipv4_cidr": "10.23.128.0/20",
            "subnetwork": "projects/master-streamer-425115-n0/regions/asia-northeast1/subnetworks/default",
            "timeouts": null,
            "tpu_ipv4_cidr_block": "",
            "vertical_pod_autoscaling": [],
            "workload_identity_config": []
          },
          "sensitive_attributes": [],
          "private": "eyJlMmJmYjczMC1lY2FhLTExZTYtOGY4OC0zNDM2M2JjN2M0YzAiOnsiY3JlYXRlIjoyNDAwMDAwMDAwMDAwLCJkZWxldGUiOjI0MDAwMDAwMDAwMDAsInJlYWQiOjI0MDAwMDAwMDAwMDAsInVwZGF0ZSI6MzYwMDAwMDAwMDAwMH0sInNjaGVtYV92ZXJzaW9uIjoiMiJ9"
        }
      ]
    },
    {
      "mode": "managed",
      "type": "google_container_node_pool",
      "name": "primary_nodes",
      "provider": "provider[\"registry.terraform.io/hashicorp/google\"]",
      "instances": [
        {
          "schema_version": 1,
          "attributes": {
            "autoscaling": [],
            "cluster": "primary-cluster",
            "id": "projects/master-streamer-425115-n0/locations/asia-northeast1/clusters/primary-cluster/nodePools/terraform-20240602061055288000000001",
            "initial_node_count": 1,
            "instance_group_urls": [
              "https://www.googleapis.com/compute/v1/projects/master-streamer-425115-n0/zones/asia-northeast1-a/instanceGroupManagers/gke-primary-cluster-terraform-2024060-8152d16f-grp"
            ],
            "location": "asia-northeast1",
            "managed_instance_group_urls": [
              "https://www.googleapis.com/compute/v1/projects/master-streamer-425115-n0/zones/asia-northeast1-a/instanceGroups/gke-primary-cluster-terraform-2024060-8152d16f-grp"
            ],
            "management": [
              {
                "auto_repair": true,
                "auto_upgrade": true
              }
            ],
            "max_pods_per_node": 110,
            "name": "terraform-20240602061055288000000001",
            "name_prefix": "",
            "network_config": [
              {
                "create_pod_range": false,
                "enable_private_nodes": false,
                "network_performance_config": [],
                "pod_cidr_overprovision_config": [],
                "pod_ipv4_cidr_block": "10.4.0.0/14",
                "pod_range": "gke-primary-cluster-pods-24f3a9c2"
              }
            ],
            "node_config": [
              {
                "advanced_machine_features": [],
                "boot_disk_kms_key": "",
                "confidential_nodes": [],
                "containerd_config": [],
                "disk_size_gb": 20,
                "disk_type": "pd-balanced",
                "effective_taints": [],
                "enable_confidential_storage": false,
                "ephemeral_storage_local_ssd_config": [],
                "fast_socket": [],
                "gcfs_config": [],
                "guest_accelerator": [],
                "gvnic": [],
                "host_maintenance_policy": [],
                "image_type": "COS_CONTAINERD",
                "kubelet_config": [],
                "labels": {},
                "linux_node_config": [],
                "local_nvme_ssd_block_config": [],
                "local_ssd_count": 0,
                "logging_variant": "DEFAULT",
                "machine_type": "e2-medium",
                "metadata": {
                  "disable-legacy-endpoints": "true"
                },
                "min_cpu_platform": "",
                "node_group": "",
                "oauth_scopes": [
                  "https://www.googleapis.com/auth/cloud-platform"
                ],
                "preemptible": true,
                "reservation_affinity": [],
                "resource_labels": null,
                "resource_manager_tags": null,
                "secondary_boot_disks": [],
                "service_account": "default",
                "shielded_instance_config": [
                  {
                    "enable_integrity_monitoring": true,
                    "enable_secure_boot": false
                  }
                ],
                "sole_tenant_config": [],
                "spot": false,
                "tags": null,
                "taint": [],
                "workload_metadata_config": []
              }
            ],
            "node_count": 1,
            "node_locations": [
              "asia-northeast1-a"
            ],
            "operation": null,
            "placement_policy": [],
            "project": "master-streamer-425115-n0",
            "queued_provisioning": [],
            "timeouts": null,
            "upgrade_settings": [
              {
                "blue_green_settings": [],
                "max_surge": 1,
                "max_unavailable": 0,
                "strategy": "SURGE"
              }
            ],
            "version": "1.28.9-gke.1000000"
          },
          "sensitive_attributes": [],
          "private": "eyJlMmJmYjczMC1lY2FhLTExZTYtOGY4OC0zNDM2M2JjN2M0YzAiOnsiY3JlYXRlIjoxODAwMDAwMDAwMDAwLCJkZWxldGUiOjE4MDAwMDAwMDAwMDAsInVwZGF0ZSI6MTgwMDAwMDAwMDAwMH0sInNjaGVtYV92ZXJzaW9uIjoiMSJ9",
          "dependencies": [
            "google_container_cluster.primary"
          ]
        }
      ]
    },
    {
      "mode": "managed",
      "type": "google_secret_manager_secret",
      "name": "db_credentials",
      "provider": "provider[\"registry.terraform.io/hashicorp/google\"]",
      "instances": [
        {
          "schema_version": 0,
          "attributes": {
            "annotations": null,
            "create_time": "2024-06-02T06:06:26.898756Z",
            "effective_annotations": {},
            "effective_labels": {},
            "expire_time": "",
            "id": "projects/master-streamer-425115-n0/secrets/db-credentials",
            "labels": null,
            "name": "projects/499796230342/secrets/db-credentials",
            "project": "master-streamer-425115-n0",
            "replication": [
              {
                "auto": [
                  {
                    "customer_managed_encryption": []
                  }
                ],
                "user_managed": []
              }
            ],
            "rotation": [],
            "secret_id": "db-credentials",
            "terraform_labels": {},
            "timeouts": null,
            "topics": [],
            "ttl": null,
            "version_aliases": null,
            "version_destroy_ttl": ""
          },
          "sensitive_attributes": [],
          "private": "eyJlMmJmYjczMC1lY2FhLTExZTYtOGY4OC0zNDM2M2JjN2M0YzAiOnsiY3JlYXRlIjoxMjAwMDAwMDAwMDAwLCJkZWxldGUiOjEyMDAwMDAwMDAwMDAsInVwZGF0ZSI6MTIwMDAwMDAwMDAwMH19"
        }
      ]
    },
    {
      "mode": "managed",
      "type": "google_secret_manager_secret_version",
      "name": "db_credentials_version",
      "provider": "provider[\"registry.terraform.io/hashicorp/google\"]",
      "instances": []
    },
    {
      "mode": "managed",
      "type": "google_sql_database",
      "name": "default",
      "provider": "provider[\"registry.terraform.io/hashicorp/google\"]",
      "instances": []
    },
    {
      "mode": "managed",
      "type": "google_sql_user",
      "name": "default",
      "provider": "provider[\"registry.terraform.io/hashicorp/google\"]",
      "instances": []
    }
  ],
  "check_results": null
}
